// !$*UTF8*$!
{
	archiveVersion = 1;
	classes = {
	};
	objectVersion = 56;
	objects = {

/* Begin PBXBuildFile section */
		5BA4CCCC292E00F40059DD72 /* TCACoordinators_TestApp.swift in Sources */ = {isa = PBXBuildFile; fileRef = 5BA4CCCB292E00F40059DD72 /* TCACoordinators_TestApp.swift */; };
		5BA4CCCE292E00F40059DD72 /* HomeView.swift in Sources */ = {isa = PBXBuildFile; fileRef = 5BA4CCCD292E00F40059DD72 /* HomeView.swift */; };
		5BA4CCD0292E00F40059DD72 /* Assets.xcassets in Resources */ = {isa = PBXBuildFile; fileRef = 5BA4CCCF292E00F40059DD72 /* Assets.xcassets */; };
		5BA4CCD3292E00F40059DD72 /* Preview Assets.xcassets in Resources */ = {isa = PBXBuildFile; fileRef = 5BA4CCD2292E00F40059DD72 /* Preview Assets.xcassets */; };
		5BA4CCDB292E01170059DD72 /* ComposableArchitecture in Frameworks */ = {isa = PBXBuildFile; productRef = 5BA4CCDA292E01170059DD72 /* ComposableArchitecture */; };
		5BA4CCDD292E01170059DD72 /* Dependencies in Frameworks */ = {isa = PBXBuildFile; productRef = 5BA4CCDC292E01170059DD72 /* Dependencies */; };
		5BA4CCE0292E01290059DD72 /* TCACoordinators in Frameworks */ = {isa = PBXBuildFile; productRef = 5BA4CCDF292E01290059DD72 /* TCACoordinators */; };
		5BA4CCE2292E02860059DD72 /* HomeCore.swift in Sources */ = {isa = PBXBuildFile; fileRef = 5BA4CCE1292E02860059DD72 /* HomeCore.swift */; };
		5BA4CCE4292E029E0059DD72 /* DetailView.swift in Sources */ = {isa = PBXBuildFile; fileRef = 5BA4CCE3292E029E0059DD72 /* DetailView.swift */; };
		5BA4CCE6292E02B70059DD72 /* DetailCore.swift in Sources */ = {isa = PBXBuildFile; fileRef = 5BA4CCE5292E02B70059DD72 /* DetailCore.swift */; };
		5BA4CCE8292E02CF0059DD72 /* ScreenCore.swift in Sources */ = {isa = PBXBuildFile; fileRef = 5BA4CCE7292E02CF0059DD72 /* ScreenCore.swift */; };
		5BA4CCEA292E02DF0059DD72 /* CoordinatorCore.swift in Sources */ = {isa = PBXBuildFile; fileRef = 5BA4CCE9292E02DF0059DD72 /* CoordinatorCore.swift */; };
		5BA4CCEC292E03150059DD72 /* IndexedRouter.swift in Sources */ = {isa = PBXBuildFile; fileRef = 5BA4CCEB292E03150059DD72 /* IndexedRouter.swift */; };
		5BA4CCEE292E036D0059DD72 /* CoordinatorView.swift in Sources */ = {isa = PBXBuildFile; fileRef = 5BA4CCED292E036D0059DD72 /* CoordinatorView.swift */; };
		5BA4CCF0292E04EB0059DD72 /* AppView.swift in Sources */ = {isa = PBXBuildFile; fileRef = 5BA4CCEF292E04EB0059DD72 /* AppView.swift */; };
/* End PBXBuildFile section */

/* Begin PBXFileReference section */
		5BA4CCC8292E00F40059DD72 /* TCACoordinators_Test.app */ = {isa = PBXFileReference; explicitFileType = wrapper.application; includeInIndex = 0; path = TCACoordinators_Test.app; sourceTree = BUILT_PRODUCTS_DIR; };
		5BA4CCCB292E00F40059DD72 /* TCACoordinators_TestApp.swift */ = {isa = PBXFileReference; lastKnownFileType = sourcecode.swift; path = TCACoordinators_TestApp.swift; sourceTree = "<group>"; };
		5BA4CCCD292E00F40059DD72 /* HomeView.swift */ = {isa = PBXFileReference; lastKnownFileType = sourcecode.swift; path = HomeView.swift; sourceTree = "<group>"; };
		5BA4CCCF292E00F40059DD72 /* Assets.xcassets */ = {isa = PBXFileReference; lastKnownFileType = folder.assetcatalog; path = Assets.xcassets; sourceTree = "<group>"; };
		5BA4CCD2292E00F40059DD72 /* Preview Assets.xcassets */ = {isa = PBXFileReference; lastKnownFileType = folder.assetcatalog; path = "Preview Assets.xcassets"; sourceTree = "<group>"; };
		5BA4CCE1292E02860059DD72 /* HomeCore.swift */ = {isa = PBXFileReference; lastKnownFileType = sourcecode.swift; path = HomeCore.swift; sourceTree = "<group>"; };
		5BA4CCE3292E029E0059DD72 /* DetailView.swift */ = {isa = PBXFileReference; lastKnownFileType = sourcecode.swift; path = DetailView.swift; sourceTree = "<group>"; };
		5BA4CCE5292E02B70059DD72 /* DetailCore.swift */ = {isa = PBXFileReference; lastKnownFileType = sourcecode.swift; path = DetailCore.swift; sourceTree = "<group>"; };
		5BA4CCE7292E02CF0059DD72 /* ScreenCore.swift */ = {isa = PBXFileReference; lastKnownFileType = sourcecode.swift; path = ScreenCore.swift; sourceTree = "<group>"; };
		5BA4CCE9292E02DF0059DD72 /* CoordinatorCore.swift */ = {isa = PBXFileReference; lastKnownFileType = sourcecode.swift; path = CoordinatorCore.swift; sourceTree = "<group>"; };
		5BA4CCEB292E03150059DD72 /* IndexedRouter.swift */ = {isa = PBXFileReference; lastKnownFileType = sourcecode.swift; path = IndexedRouter.swift; sourceTree = "<group>"; };
		5BA4CCED292E036D0059DD72 /* CoordinatorView.swift */ = {isa = PBXFileReference; lastKnownFileType = sourcecode.swift; path = CoordinatorView.swift; sourceTree = "<group>"; };
		5BA4CCEF292E04EB0059DD72 /* AppView.swift */ = {isa = PBXFileReference; lastKnownFileType = sourcecode.swift; path = AppView.swift; sourceTree = "<group>"; };
/* End PBXFileReference section */

/* Begin PBXFrameworksBuildPhase section */
		5BA4CCC5292E00F40059DD72 /* Frameworks */ = {
			isa = PBXFrameworksBuildPhase;
			buildActionMask = 2147483647;
			files = (
				5BA4CCDB292E01170059DD72 /* ComposableArchitecture in Frameworks */,
				5BA4CCE0292E01290059DD72 /* TCACoordinators in Frameworks */,
				5BA4CCDD292E01170059DD72 /* Dependencies in Frameworks */,
			);
			runOnlyForDeploymentPostprocessing = 0;
		};
/* End PBXFrameworksBuildPhase section */

/* Begin PBXGroup section */
		5BA4CCBF292E00F40059DD72 = {
			isa = PBXGroup;
			children = (
				5BA4CCCA292E00F40059DD72 /* TCACoordinators_Test */,
				5BA4CCC9292E00F40059DD72 /* Products */,
			);
			sourceTree = "<group>";
		};
		5BA4CCC9292E00F40059DD72 /* Products */ = {
			isa = PBXGroup;
			children = (
				5BA4CCC8292E00F40059DD72 /* TCACoordinators_Test.app */,
			);
			name = Products;
			sourceTree = "<group>";
		};
		5BA4CCCA292E00F40059DD72 /* TCACoordinators_Test */ = {
			isa = PBXGroup;
			children = (
				5BA4CCF2292E051B0059DD72 /* Module */,
				5BA4CCF1292E05060059DD72 /* App */,
				5BA4CCEB292E03150059DD72 /* IndexedRouter.swift */,
				5BA4CCCF292E00F40059DD72 /* Assets.xcassets */,
				5BA4CCD1292E00F40059DD72 /* Preview Content */,
			);
			path = TCACoordinators_Test;
			sourceTree = "<group>";
		};
		5BA4CCD1292E00F40059DD72 /* Preview Content */ = {
			isa = PBXGroup;
			children = (
				5BA4CCD2292E00F40059DD72 /* Preview Assets.xcassets */,
			);
			path = "Preview Content";
			sourceTree = "<group>";
		};
		5BA4CCF1292E05060059DD72 /* App */ = {
			isa = PBXGroup;
			children = (
				5BA4CCCB292E00F40059DD72 /* TCACoordinators_TestApp.swift */,
				5BA4CCEF292E04EB0059DD72 /* AppView.swift */,
			);
			path = App;
			sourceTree = "<group>";
		};
		5BA4CCF2292E051B0059DD72 /* Module */ = {
			isa = PBXGroup;
			children = (
				5BA4CCF3292E05280059DD72 /* Component */,
				5BA4CCF4292E053E0059DD72 /* Feature */,
			);
			path = Module;
			sourceTree = "<group>";
		};
		5BA4CCF3292E05280059DD72 /* Component */ = {
			isa = PBXGroup;
			children = (
				5BA4CCF5292E054C0059DD72 /* Home */,
				5BA4CCF6292E05840059DD72 /* Detail */,
			);
			path = Component;
			sourceTree = "<group>";
		};
		5BA4CCF4292E053E0059DD72 /* Feature */ = {
			isa = PBXGroup;
			children = (
				5BA4CCF7292E05FA0059DD72 /* Main */,
			);
			path = Feature;
			sourceTree = "<group>";
		};
		5BA4CCF5292E054C0059DD72 /* Home */ = {
			isa = PBXGroup;
			children = (
				5BA4CCCD292E00F40059DD72 /* HomeView.swift */,
				5BA4CCE1292E02860059DD72 /* HomeCore.swift */,
			);
			path = Home;
			sourceTree = "<group>";
		};
		5BA4CCF6292E05840059DD72 /* Detail */ = {
			isa = PBXGroup;
			children = (
				5BA4CCE3292E029E0059DD72 /* DetailView.swift */,
				5BA4CCE5292E02B70059DD72 /* DetailCore.swift */,
			);
			path = Detail;
			sourceTree = "<group>";
		};
		5BA4CCF7292E05FA0059DD72 /* Main */ = {
			isa = PBXGroup;
			children = (
				5BA4CCF8292E06080059DD72 /* Coordinator */,
				5BA4CCF9292E064D0059DD72 /* Screen */,
			);
			path = Main;
			sourceTree = "<group>";
		};
		5BA4CCF8292E06080059DD72 /* Coordinator */ = {
			isa = PBXGroup;
			children = (
				5BA4CCE9292E02DF0059DD72 /* CoordinatorCore.swift */,
				5BA4CCED292E036D0059DD72 /* CoordinatorView.swift */,
			);
			path = Coordinator;
			sourceTree = "<group>";
		};
		5BA4CCF9292E064D0059DD72 /* Screen */ = {
			isa = PBXGroup;
			children = (
				5BA4CCE7292E02CF0059DD72 /* ScreenCore.swift */,
			);
			path = Screen;
			sourceTree = "<group>";
		};
/* End PBXGroup section */

/* Begin PBXNativeTarget section */
		5BA4CCC7292E00F40059DD72 /* TCACoordinators_Test */ = {
			isa = PBXNativeTarget;
			buildConfigurationList = 5BA4CCD6292E00F40059DD72 /* Build configuration list for PBXNativeTarget "TCACoordinators_Test" */;
			buildPhases = (
				5BA4CCC4292E00F40059DD72 /* Sources */,
				5BA4CCC5292E00F40059DD72 /* Frameworks */,
				5BA4CCC6292E00F40059DD72 /* Resources */,
			);
			buildRules = (
			);
			dependencies = (
			);
			name = TCACoordinators_Test;
			packageProductDependencies = (
				5BA4CCDA292E01170059DD72 /* ComposableArchitecture */,
				5BA4CCDC292E01170059DD72 /* Dependencies */,
				5BA4CCDF292E01290059DD72 /* TCACoordinators */,
			);
			productName = TCACoordinators_Test;
			productReference = 5BA4CCC8292E00F40059DD72 /* TCACoordinators_Test.app */;
			productType = "com.apple.product-type.application";
		};
/* End PBXNativeTarget section */

/* Begin PBXProject section */
		5BA4CCC0292E00F40059DD72 /* Project object */ = {
			isa = PBXProject;
			attributes = {
				BuildIndependentTargetsInParallel = 1;
				LastSwiftUpdateCheck = 1410;
				LastUpgradeCheck = 1410;
				TargetAttributes = {
					5BA4CCC7292E00F40059DD72 = {
						CreatedOnToolsVersion = 14.1;
					};
				};
			};
			buildConfigurationList = 5BA4CCC3292E00F40059DD72 /* Build configuration list for PBXProject "TCACoordinators_Test" */;
			compatibilityVersion = "Xcode 14.0";
			developmentRegion = en;
			hasScannedForEncodings = 0;
			knownRegions = (
				en,
				Base,
			);
			mainGroup = 5BA4CCBF292E00F40059DD72;
			packageReferences = (
				5BA4CCD9292E01170059DD72 /* XCRemoteSwiftPackageReference "swift-composable-architecture" */,
				5BA4CCDE292E01290059DD72 /* XCRemoteSwiftPackageReference "TCACoordinators" */,
			);
			productRefGroup = 5BA4CCC9292E00F40059DD72 /* Products */;
			projectDirPath = "";
			projectRoot = "";
			targets = (
				5BA4CCC7292E00F40059DD72 /* TCACoordinators_Test */,
			);
		};
/* End PBXProject section */

/* Begin PBXResourcesBuildPhase section */
		5BA4CCC6292E00F40059DD72 /* Resources */ = {
			isa = PBXResourcesBuildPhase;
			buildActionMask = 2147483647;
			files = (
				5BA4CCD3292E00F40059DD72 /* Preview Assets.xcassets in Resources */,
				5BA4CCD0292E00F40059DD72 /* Assets.xcassets in Resources */,
			);
			runOnlyForDeploymentPostprocessing = 0;
		};
/* End PBXResourcesBuildPhase section */

/* Begin PBXSourcesBuildPhase section */
		5BA4CCC4292E00F40059DD72 /* Sources */ = {
			isa = PBXSourcesBuildPhase;
			buildActionMask = 2147483647;
			files = (
				5BA4CCEA292E02DF0059DD72 /* CoordinatorCore.swift in Sources */,
				5BA4CCEE292E036D0059DD72 /* CoordinatorView.swift in Sources */,
				5BA4CCE8292E02CF0059DD72 /* ScreenCore.swift in Sources */,
				5BA4CCCE292E00F40059DD72 /* HomeView.swift in Sources */,
				5BA4CCE4292E029E0059DD72 /* DetailView.swift in Sources */,
				5BA4CCE2292E02860059DD72 /* HomeCore.swift in Sources */,
				5BA4CCCC292E00F40059DD72 /* TCACoordinators_TestApp.swift in Sources */,
				5BA4CCEC292E03150059DD72 /* IndexedRouter.swift in Sources */,
				5BA4CCF0292E04EB0059DD72 /* AppView.swift in Sources */,
				5BA4CCE6292E02B70059DD72 /* DetailCore.swift in Sources */,
			);
			runOnlyForDeploymentPostprocessing = 0;
		};
/* End PBXSourcesBuildPhase section */

/* Begin XCBuildConfiguration section */
		5BA4CCD4292E00F40059DD72 /* Debug */ = {
			isa = XCBuildConfiguration;
			buildSettings = {
				ALWAYS_SEARCH_USER_PATHS = NO;
				CLANG_ANALYZER_NONNULL = YES;
				CLANG_ANALYZER_NUMBER_OBJECT_CONVERSION = YES_AGGRESSIVE;
				CLANG_CXX_LANGUAGE_STANDARD = "gnu++20";
				CLANG_ENABLE_MODULES = YES;
				CLANG_ENABLE_OBJC_ARC = YES;
				CLANG_ENABLE_OBJC_WEAK = YES;
				CLANG_WARN_BLOCK_CAPTURE_AUTORELEASING = YES;
				CLANG_WARN_BOOL_CONVERSION = YES;
				CLANG_WARN_COMMA = YES;
				CLANG_WARN_CONSTANT_CONVERSION = YES;
				CLANG_WARN_DEPRECATED_OBJC_IMPLEMENTATIONS = YES;
				CLANG_WARN_DIRECT_OBJC_ISA_USAGE = YES_ERROR;
				CLANG_WARN_DOCUMENTATION_COMMENTS = YES;
				CLANG_WARN_EMPTY_BODY = YES;
				CLANG_WARN_ENUM_CONVERSION = YES;
				CLANG_WARN_INFINITE_RECURSION = YES;
				CLANG_WARN_INT_CONVERSION = YES;
				CLANG_WARN_NON_LITERAL_NULL_CONVERSION = YES;
				CLANG_WARN_OBJC_IMPLICIT_RETAIN_SELF = YES;
				CLANG_WARN_OBJC_LITERAL_CONVERSION = YES;
				CLANG_WARN_OBJC_ROOT_CLASS = YES_ERROR;
				CLANG_WARN_QUOTED_INCLUDE_IN_FRAMEWORK_HEADER = YES;
				CLANG_WARN_RANGE_LOOP_ANALYSIS = YES;
				CLANG_WARN_STRICT_PROTOTYPES = YES;
				CLANG_WARN_SUSPICIOUS_MOVE = YES;
				CLANG_WARN_UNGUARDED_AVAILABILITY = YES_AGGRESSIVE;
				CLANG_WARN_UNREACHABLE_CODE = YES;
				CLANG_WARN__DUPLICATE_METHOD_MATCH = YES;
				COPY_PHASE_STRIP = NO;
				DEBUG_INFORMATION_FORMAT = dwarf;
				ENABLE_STRICT_OBJC_MSGSEND = YES;
				ENABLE_TESTABILITY = YES;
				GCC_C_LANGUAGE_STANDARD = gnu11;
				GCC_DYNAMIC_NO_PIC = NO;
				GCC_NO_COMMON_BLOCKS = YES;
				GCC_OPTIMIZATION_LEVEL = 0;
				GCC_PREPROCESSOR_DEFINITIONS = (
					"DEBUG=1",
					"$(inherited)",
				);
				GCC_WARN_64_TO_32_BIT_CONVERSION = YES;
				GCC_WARN_ABOUT_RETURN_TYPE = YES_ERROR;
				GCC_WARN_UNDECLARED_SELECTOR = YES;
				GCC_WARN_UNINITIALIZED_AUTOS = YES_AGGRESSIVE;
				GCC_WARN_UNUSED_FUNCTION = YES;
				GCC_WARN_UNUSED_VARIABLE = YES;
				IPHONEOS_DEPLOYMENT_TARGET = 16.1;
				MTL_ENABLE_DEBUG_INFO = INCLUDE_SOURCE;
				MTL_FAST_MATH = YES;
				ONLY_ACTIVE_ARCH = YES;
				SDKROOT = iphoneos;
				SWIFT_ACTIVE_COMPILATION_CONDITIONS = DEBUG;
				SWIFT_OPTIMIZATION_LEVEL = "-Onone";
			};
			name = Debug;
		};
		5BA4CCD5292E00F40059DD72 /* Release */ = {
			isa = XCBuildConfiguration;
			buildSettings = {
				ALWAYS_SEARCH_USER_PATHS = NO;
				CLANG_ANALYZER_NONNULL = YES;
				CLANG_ANALYZER_NUMBER_OBJECT_CONVERSION = YES_AGGRESSIVE;
				CLANG_CXX_LANGUAGE_STANDARD = "gnu++20";
				CLANG_ENABLE_MODULES = YES;
				CLANG_ENABLE_OBJC_ARC = YES;
				CLANG_ENABLE_OBJC_WEAK = YES;
				CLANG_WARN_BLOCK_CAPTURE_AUTORELEASING = YES;
				CLANG_WARN_BOOL_CONVERSION = YES;
				CLANG_WARN_COMMA = YES;
				CLANG_WARN_CONSTANT_CONVERSION = YES;
				CLANG_WARN_DEPRECATED_OBJC_IMPLEMENTATIONS = YES;
				CLANG_WARN_DIRECT_OBJC_ISA_USAGE = YES_ERROR;
				CLANG_WARN_DOCUMENTATION_COMMENTS = YES;
				CLANG_WARN_EMPTY_BODY = YES;
				CLANG_WARN_ENUM_CONVERSION = YES;
				CLANG_WARN_INFINITE_RECURSION = YES;
				CLANG_WARN_INT_CONVERSION = YES;
				CLANG_WARN_NON_LITERAL_NULL_CONVERSION = YES;
				CLANG_WARN_OBJC_IMPLICIT_RETAIN_SELF = YES;
				CLANG_WARN_OBJC_LITERAL_CONVERSION = YES;
				CLANG_WARN_OBJC_ROOT_CLASS = YES_ERROR;
				CLANG_WARN_QUOTED_INCLUDE_IN_FRAMEWORK_HEADER = YES;
				CLANG_WARN_RANGE_LOOP_ANALYSIS = YES;
				CLANG_WARN_STRICT_PROTOTYPES = YES;
				CLANG_WARN_SUSPICIOUS_MOVE = YES;
				CLANG_WARN_UNGUARDED_AVAILABILITY = YES_AGGRESSIVE;
				CLANG_WARN_UNREACHABLE_CODE = YES;
				CLANG_WARN__DUPLICATE_METHOD_MATCH = YES;
				COPY_PHASE_STRIP = NO;
				DEBUG_INFORMATION_FORMAT = "dwarf-with-dsym";
				ENABLE_NS_ASSERTIONS = NO;
				ENABLE_STRICT_OBJC_MSGSEND = YES;
				GCC_C_LANGUAGE_STANDARD = gnu11;
				GCC_NO_COMMON_BLOCKS = YES;
				GCC_WARN_64_TO_32_BIT_CONVERSION = YES;
				GCC_WARN_ABOUT_RETURN_TYPE = YES_ERROR;
				GCC_WARN_UNDECLARED_SELECTOR = YES;
				GCC_WARN_UNINITIALIZED_AUTOS = YES_AGGRESSIVE;
				GCC_WARN_UNUSED_FUNCTION = YES;
				GCC_WARN_UNUSED_VARIABLE = YES;
				IPHONEOS_DEPLOYMENT_TARGET = 16.1;
				MTL_ENABLE_DEBUG_INFO = NO;
				MTL_FAST_MATH = YES;
				SDKROOT = iphoneos;
				SWIFT_COMPILATION_MODE = wholemodule;
				SWIFT_OPTIMIZATION_LEVEL = "-O";
				VALIDATE_PRODUCT = YES;
			};
			name = Release;
		};
		5BA4CCD7292E00F40059DD72 /* Debug */ = {
			isa = XCBuildConfiguration;
			buildSettings = {
				ASSETCATALOG_COMPILER_APPICON_NAME = AppIcon;
				ASSETCATALOG_COMPILER_GLOBAL_ACCENT_COLOR_NAME = AccentColor;
				CODE_SIGN_STYLE = Automatic;
				CURRENT_PROJECT_VERSION = 1;
				DEVELOPMENT_ASSET_PATHS = "\"TCACoordinators_Test/Preview Content\"";
				DEVELOPMENT_TEAM = 83R5US8PK8;
				ENABLE_PREVIEWS = YES;
				GENERATE_INFOPLIST_FILE = YES;
				INFOPLIST_KEY_UIApplicationSceneManifest_Generation = YES;
				INFOPLIST_KEY_UIApplicationSupportsIndirectInputEvents = YES;
				INFOPLIST_KEY_UILaunchScreen_Generation = YES;
				INFOPLIST_KEY_UISupportedInterfaceOrientations_iPad = "UIInterfaceOrientationPortrait UIInterfaceOrientationPortraitUpsideDown UIInterfaceOrientationLandscapeLeft UIInterfaceOrientationLandscapeRight";
				INFOPLIST_KEY_UISupportedInterfaceOrientations_iPhone = "UIInterfaceOrientationPortrait UIInterfaceOrientationLandscapeLeft UIInterfaceOrientationLandscapeRight";
				LD_RUNPATH_SEARCH_PATHS = (
					"$(inherited)",
					"@executable_path/Frameworks",
				);
				MARKETING_VERSION = 1.0;
				PRODUCT_BUNDLE_IDENTIFIER = "com.markcloud.markview.TCACoordinators-Test";
				PRODUCT_NAME = "$(TARGET_NAME)";
				SWIFT_EMIT_LOC_STRINGS = YES;
				SWIFT_VERSION = 5.0;
				TARGETED_DEVICE_FAMILY = "1,2";
			};
			name = Debug;
		};
		5BA4CCD8292E00F40059DD72 /* Release */ = {
			isa = XCBuildConfiguration;
			buildSettings = {
				ASSETCATALOG_COMPILER_APPICON_NAME = AppIcon;
				ASSETCATALOG_COMPILER_GLOBAL_ACCENT_COLOR_NAME = AccentColor;
				CODE_SIGN_STYLE = Automatic;
				CURRENT_PROJECT_VERSION = 1;
				DEVELOPMENT_ASSET_PATHS = "\"TCACoordinators_Test/Preview Content\"";
				DEVELOPMENT_TEAM = 83R5US8PK8;
				ENABLE_PREVIEWS = YES;
				GENERATE_INFOPLIST_FILE = YES;
				INFOPLIST_KEY_UIApplicationSceneManifest_Generation = YES;
				INFOPLIST_KEY_UIApplicationSupportsIndirectInputEvents = YES;
				INFOPLIST_KEY_UILaunchScreen_Generation = YES;
				INFOPLIST_KEY_UISupportedInterfaceOrientations_iPad = "UIInterfaceOrientationPortrait UIInterfaceOrientationPortraitUpsideDown UIInterfaceOrientationLandscapeLeft UIInterfaceOrientationLandscapeRight";
				INFOPLIST_KEY_UISupportedInterfaceOrientations_iPhone = "UIInterfaceOrientationPortrait UIInterfaceOrientationLandscapeLeft UIInterfaceOrientationLandscapeRight";
				LD_RUNPATH_SEARCH_PATHS = (
					"$(inherited)",
					"@executable_path/Frameworks",
				);
				MARKETING_VERSION = 1.0;
				PRODUCT_BUNDLE_IDENTIFIER = "com.markcloud.markview.TCACoordinators-Test";
				PRODUCT_NAME = "$(TARGET_NAME)";
				SWIFT_EMIT_LOC_STRINGS = YES;
				SWIFT_VERSION = 5.0;
				TARGETED_DEVICE_FAMILY = "1,2";
			};
			name = Release;
		};
/* End XCBuildConfiguration section */

/* Begin XCConfigurationList section */
		5BA4CCC3292E00F40059DD72 /* Build configuration list for PBXProject "TCACoordinators_Test" */ = {
			isa = XCConfigurationList;
			buildConfigurations = (
				5BA4CCD4292E00F40059DD72 /* Debug */,
				5BA4CCD5292E00F40059DD72 /* Release */,
			);
			defaultConfigurationIsVisible = 0;
			defaultConfigurationName = Release;
		};
		5BA4CCD6292E00F40059DD72 /* Build configuration list for PBXNativeTarget "TCACoordinators_Test" */ = {
			isa = XCConfigurationList;
			buildConfigurations = (
				5BA4CCD7292E00F40059DD72 /* Debug */,
				5BA4CCD8292E00F40059DD72 /* Release */,
			);
			defaultConfigurationIsVisible = 0;
			defaultConfigurationName = Release;
		};
/* End XCConfigurationList section */

/* Begin XCRemoteSwiftPackageReference section */
		5BA4CCD9292E01170059DD72 /* XCRemoteSwiftPackageReference "swift-composable-architecture" */ = {
			isa = XCRemoteSwiftPackageReference;
			repositoryURL = "https://github.com/pointfreeco/swift-composable-architecture.git";
			requirement = {
				branch = main;
				kind = branch;
			};
		};
		5BA4CCDE292E01290059DD72 /* XCRemoteSwiftPackageReference "TCACoordinators" */ = {
			isa = XCRemoteSwiftPackageReference;
			repositoryURL = "https://github.com/johnpatrickmorgan/TCACoordinators.git";
			requirement = {
				branch = main;
				kind = branch;
			};
		};
/* End XCRemoteSwiftPackageReference section */

/* Begin XCSwiftPackageProductDependency section */
		5BA4CCDA292E01170059DD72 /* ComposableArchitecture */ = {
			isa = XCSwiftPackageProductDependency;
			package = 5BA4CCD9292E01170059DD72 /* XCRemoteSwiftPackageReference "swift-composable-architecture" */;
			productName = ComposableArchitecture;
		};
		5BA4CCDC292E01170059DD72 /* Dependencies */ = {
			isa = XCSwiftPackageProductDependency;
			package = 5BA4CCD9292E01170059DD72 /* XCRemoteSwiftPackageReference "swift-composable-architecture" */;
			productName = Dependencies;
		};
		5BA4CCDF292E01290059DD72 /* TCACoordinators */ = {
			isa = XCSwiftPackageProductDependency;
			package = 5BA4CCDE292E01290059DD72 /* XCRemoteSwiftPackageReference "TCACoordinators" */;
			productName = TCACoordinators;
		};
/* End XCSwiftPackageProductDependency section */
	};
	rootObject = 5BA4CCC0292E00F40059DD72 /* Project object */;
}
